// !$*UTF8*$!
{
	archiveVersion = 1;
	classes = {
	};
	objectVersion = 50;
	objects = {

/* Begin PBXBuildFile section */
		145B38B823784F1200876CD6 /* AppDelegate.swift in Sources */ = {isa = PBXBuildFile; fileRef = 145B38B723784F1200876CD6 /* AppDelegate.swift */; };
		145B38BA23784F1200876CD6 /* SceneDelegate.swift in Sources */ = {isa = PBXBuildFile; fileRef = 145B38B923784F1200876CD6 /* SceneDelegate.swift */; };
		145B38BC23784F1200876CD6 /* ViewController.swift in Sources */ = {isa = PBXBuildFile; fileRef = 145B38BB23784F1200876CD6 /* ViewController.swift */; };
		145B38BF23784F1200876CD6 /* Main.storyboard in Resources */ = {isa = PBXBuildFile; fileRef = 145B38BD23784F1200876CD6 /* Main.storyboard */; };
		145B38C223784F1200876CD6 /* MVPDesignPattern.xcdatamodeld in Sources */ = {isa = PBXBuildFile; fileRef = 145B38C023784F1200876CD6 /* MVPDesignPattern.xcdatamodeld */; };
		145B38C423784F1400876CD6 /* Assets.xcassets in Resources */ = {isa = PBXBuildFile; fileRef = 145B38C323784F1400876CD6 /* Assets.xcassets */; };
		145B38C723784F1400876CD6 /* LaunchScreen.storyboard in Resources */ = {isa = PBXBuildFile; fileRef = 145B38C523784F1400876CD6 /* LaunchScreen.storyboard */; };
		145B38CF23784F3700876CD6 /* TrafficLight.swift in Sources */ = {isa = PBXBuildFile; fileRef = 145B38CE23784F3700876CD6 /* TrafficLight.swift */; };
		145B38D123784F7A00876CD6 /* TrafficLightService.swift in Sources */ = {isa = PBXBuildFile; fileRef = 145B38D023784F7A00876CD6 /* TrafficLightService.swift */; };
		145B38D5237860EC00876CD6 /* TrafficLightDelegate.swift in Sources */ = {isa = PBXBuildFile; fileRef = 145B38D4237860EC00876CD6 /* TrafficLightDelegate.swift */; };
		145B38D72378611500876CD6 /* TrafficLightPresenter.swift in Sources */ = {isa = PBXBuildFile; fileRef = 145B38D62378611500876CD6 /* TrafficLightPresenter.swift */; };
/* End PBXBuildFile section */

/* Begin PBXFileReference section */
		145B38B423784F1200876CD6 /* MVPDesignPattern.app */ = {isa = PBXFileReference; explicitFileType = wrapper.application; includeInIndex = 0; path = MVPDesignPattern.app; sourceTree = BUILT_PRODUCTS_DIR; };
		145B38B723784F1200876CD6 /* AppDelegate.swift */ = {isa = PBXFileReference; lastKnownFileType = sourcecode.swift; path = AppDelegate.swift; sourceTree = "<group>"; };
		145B38B923784F1200876CD6 /* SceneDelegate.swift */ = {isa = PBXFileReference; lastKnownFileType = sourcecode.swift; path = SceneDelegate.swift; sourceTree = "<group>"; };
		145B38BB23784F1200876CD6 /* ViewController.swift */ = {isa = PBXFileReference; lastKnownFileType = sourcecode.swift; path = ViewController.swift; sourceTree = "<group>"; };
		145B38BE23784F1200876CD6 /* Base */ = {isa = PBXFileReference; lastKnownFileType = file.storyboard; name = Base; path = Base.lproj/Main.storyboard; sourceTree = "<group>"; };
		145B38C123784F1200876CD6 /* MVPDesignPattern.xcdatamodel */ = {isa = PBXFileReference; lastKnownFileType = wrapper.xcdatamodel; path = MVPDesignPattern.xcdatamodel; sourceTree = "<group>"; };
		145B38C323784F1400876CD6 /* Assets.xcassets */ = {isa = PBXFileReference; lastKnownFileType = folder.assetcatalog; path = Assets.xcassets; sourceTree = "<group>"; };
		145B38C623784F1400876CD6 /* Base */ = {isa = PBXFileReference; lastKnownFileType = file.storyboard; name = Base; path = Base.lproj/LaunchScreen.storyboard; sourceTree = "<group>"; };
		145B38C823784F1400876CD6 /* Info.plist */ = {isa = PBXFileReference; lastKnownFileType = text.plist.xml; path = Info.plist; sourceTree = "<group>"; };
		145B38CE23784F3700876CD6 /* TrafficLight.swift */ = {isa = PBXFileReference; lastKnownFileType = sourcecode.swift; path = TrafficLight.swift; sourceTree = "<group>"; };
		145B38D023784F7A00876CD6 /* TrafficLightService.swift */ = {isa = PBXFileReference; lastKnownFileType = sourcecode.swift; path = TrafficLightService.swift; sourceTree = "<group>"; };
		145B38D4237860EC00876CD6 /* TrafficLightDelegate.swift */ = {isa = PBXFileReference; lastKnownFileType = sourcecode.swift; path = TrafficLightDelegate.swift; sourceTree = "<group>"; };
		145B38D62378611500876CD6 /* TrafficLightPresenter.swift */ = {isa = PBXFileReference; lastKnownFileType = sourcecode.swift; path = TrafficLightPresenter.swift; sourceTree = "<group>"; };
/* End PBXFileReference section */

/* Begin PBXFrameworksBuildPhase section */
		145B38B123784F1200876CD6 /* Frameworks */ = {
			isa = PBXFrameworksBuildPhase;
			buildActionMask = 2147483647;
			files = (
			);
			runOnlyForDeploymentPostprocessing = 0;
		};
/* End PBXFrameworksBuildPhase section */

/* Begin PBXGroup section */
		145B38AB23784F1200876CD6 = {
			isa = PBXGroup;
			children = (
				145B38B623784F1200876CD6 /* MVPDesignPattern */,
				145B38B523784F1200876CD6 /* Products */,
			);
			sourceTree = "<group>";
		};
		145B38B523784F1200876CD6 /* Products */ = {
			isa = PBXGroup;
			children = (
				145B38B423784F1200876CD6 /* MVPDesignPattern.app */,
			);
			name = Products;
			sourceTree = "<group>";
		};
		145B38B623784F1200876CD6 /* MVPDesignPattern */ = {
			isa = PBXGroup;
			children = (
				145B38B723784F1200876CD6 /* AppDelegate.swift */,
				145B38B923784F1200876CD6 /* SceneDelegate.swift */,
				145B38D3237860A900876CD6 /* Models */,
				145B38D22378609600876CD6 /* DataSource */,
				145B38DA2378659600876CD6 /* Views */,
				145B38D92378655A00876CD6 /* Protocols */,
				145B38D82378653F00876CD6 /* Presenter */,
				145B38BD23784F1200876CD6 /* Main.storyboard */,
				145B38C323784F1400876CD6 /* Assets.xcassets */,
				145B38C523784F1400876CD6 /* LaunchScreen.storyboard */,
				145B38C823784F1400876CD6 /* Info.plist */,
				145B38C023784F1200876CD6 /* MVPDesignPattern.xcdatamodeld */,
			);
			path = MVPDesignPattern;
			sourceTree = "<group>";
		};
		145B38D22378609600876CD6 /* DataSource */ = {
			isa = PBXGroup;
			children = (
				145B38D023784F7A00876CD6 /* TrafficLightService.swift */,
			);
			path = DataSource;
			sourceTree = "<group>";
		};
		145B38D3237860A900876CD6 /* Models */ = {
			isa = PBXGroup;
			children = (
				145B38CE23784F3700876CD6 /* TrafficLight.swift */,
			);
			path = Models;
			sourceTree = "<group>";
		};
		145B38D82378653F00876CD6 /* Presenter */ = {
			isa = PBXGroup;
			children = (
				145B38D62378611500876CD6 /* TrafficLightPresenter.swift */,
			);
			path = Presenter;
			sourceTree = "<group>";
		};
		145B38D92378655A00876CD6 /* Protocols */ = {
			isa = PBXGroup;
			children = (
				145B38D4237860EC00876CD6 /* TrafficLightDelegate.swift */,
			);
			path = Protocols;
			sourceTree = "<group>";
		};
		145B38DA2378659600876CD6 /* Views */ = {
			isa = PBXGroup;
			children = (
				145B38BB23784F1200876CD6 /* ViewController.swift */,
			);
			path = Views;
			sourceTree = "<group>";
		};
/* End PBXGroup section */

/* Begin PBXNativeTarget section */
		145B38B323784F1200876CD6 /* MVPDesignPattern */ = {
			isa = PBXNativeTarget;
			buildConfigurationList = 145B38CB23784F1400876CD6 /* Build configuration list for PBXNativeTarget "MVPDesignPattern" */;
			buildPhases = (
				145B38B023784F1200876CD6 /* Sources */,
				145B38B123784F1200876CD6 /* Frameworks */,
				145B38B223784F1200876CD6 /* Resources */,
			);
			buildRules = (
			);
			dependencies = (
			);
			name = MVPDesignPattern;
			productName = MVPDesignPattern;
			productReference = 145B38B423784F1200876CD6 /* MVPDesignPattern.app */;
			productType = "com.apple.product-type.application";
		};
/* End PBXNativeTarget section */

/* Begin PBXProject section */
		145B38AC23784F1200876CD6 /* Project object */ = {
			isa = PBXProject;
			attributes = {
				LastSwiftUpdateCheck = 1110;
				LastUpgradeCheck = 1110;
				ORGANIZATIONNAME = "sarwesh reddy";
				TargetAttributes = {
					145B38B323784F1200876CD6 = {
						CreatedOnToolsVersion = 11.1;
					};
				};
			};
			buildConfigurationList = 145B38AF23784F1200876CD6 /* Build configuration list for PBXProject "MVPDesignPattern" */;
			compatibilityVersion = "Xcode 9.3";
			developmentRegion = en;
			hasScannedForEncodings = 0;
			knownRegions = (
				en,
				Base,
			);
			mainGroup = 145B38AB23784F1200876CD6;
			productRefGroup = 145B38B523784F1200876CD6 /* Products */;
			projectDirPath = "";
			projectRoot = "";
			targets = (
				145B38B323784F1200876CD6 /* MVPDesignPattern */,
			);
		};
/* End PBXProject section */

/* Begin PBXResourcesBuildPhase section */
		145B38B223784F1200876CD6 /* Resources */ = {
			isa = PBXResourcesBuildPhase;
			buildActionMask = 2147483647;
			files = (
				145B38C723784F1400876CD6 /* LaunchScreen.storyboard in Resources */,
				145B38C423784F1400876CD6 /* Assets.xcassets in Resources */,
				145B38BF23784F1200876CD6 /* Main.storyboard in Resources */,
			);
			runOnlyForDeploymentPostprocessing = 0;
		};
/* End PBXResourcesBuildPhase section */

/* Begin PBXSourcesBuildPhase section */
		145B38B023784F1200876CD6 /* Sources */ = {
			isa = PBXSourcesBuildPhase;
			buildActionMask = 2147483647;
			files = (
				145B38D123784F7A00876CD6 /* TrafficLightService.swift in Sources */,
				145B38C223784F1200876CD6 /* MVPDesignPattern.xcdatamodeld in Sources */,
				145B38D5237860EC00876CD6 /* TrafficLightDelegate.swift in Sources */,
				145B38BC23784F1200876CD6 /* ViewController.swift in Sources */,
				145B38B823784F1200876CD6 /* AppDelegate.swift in Sources */,
				145B38D72378611500876CD6 /* TrafficLightPresenter.swift in Sources */,
				145B38BA23784F1200876CD6 /* SceneDelegate.swift in Sources */,
				145B38CF23784F3700876CD6 /* TrafficLight.swift in Sources */,
			);
			runOnlyForDeploymentPostprocessing = 0;
		};
/* End PBXSourcesBuildPhase section */

/* Begin PBXVariantGroup section */
		145B38BD23784F1200876CD6 /* Main.storyboard */ = {
			isa = PBXVariantGroup;
			children = (
				145B38BE23784F1200876CD6 /* Base */,
			);
			name = Main.storyboard;
			sourceTree = "<group>";
		};
		145B38C523784F1400876CD6 /* LaunchScreen.storyboard */ = {
			isa = PBXVariantGroup;
			children = (
				145B38C623784F1400876CD6 /* Base */,
			);
			name = LaunchScreen.storyboard;
			sourceTree = "<group>";
		};
/* End PBXVariantGroup section */

/* Begin XCBuildConfiguration section */
		145B38C923784F1400876CD6 /* Debug */ = {
			isa = XCBuildConfiguration;
			buildSettings = {
				ALWAYS_SEARCH_USER_PATHS = NO;
				CLANG_ANALYZER_NONNULL = YES;
				CLANG_ANALYZER_NUMBER_OBJECT_CONVERSION = YES_AGGRESSIVE;
				CLANG_CXX_LANGUAGE_STANDARD = "gnu++14";
				CLANG_CXX_LIBRARY = "libc++";
				CLANG_ENABLE_MODULES = YES;
				CLANG_ENABLE_OBJC_ARC = YES;
				CLANG_ENABLE_OBJC_WEAK = YES;
				CLANG_WARN_BLOCK_CAPTURE_AUTORELEASING = YES;
				CLANG_WARN_BOOL_CONVERSION = YES;
				CLANG_WARN_COMMA = YES;
				CLANG_WARN_CONSTANT_CONVERSION = YES;
				CLANG_WARN_DEPRECATED_OBJC_IMPLEMENTATIONS = YES;
				CLANG_WARN_DIRECT_OBJC_ISA_USAGE = YES_ERROR;
				CLANG_WARN_DOCUMENTATION_COMMENTS = YES;
				CLANG_WARN_EMPTY_BODY = YES;
				CLANG_WARN_ENUM_CONVERSION = YES;
				CLANG_WARN_INFINITE_RECURSION = YES;
				CLANG_WARN_INT_CONVERSION = YES;
				CLANG_WARN_NON_LITERAL_NULL_CONVERSION = YES;
				CLANG_WARN_OBJC_IMPLICIT_RETAIN_SELF = YES;
				CLANG_WARN_OBJC_LITERAL_CONVERSION = YES;
				CLANG_WARN_OBJC_ROOT_CLASS = YES_ERROR;
				CLANG_WARN_RANGE_LOOP_ANALYSIS = YES;
				CLANG_WARN_STRICT_PROTOTYPES = YES;
				CLANG_WARN_SUSPICIOUS_MOVE = YES;
				CLANG_WARN_UNGUARDED_AVAILABILITY = YES_AGGRESSIVE;
				CLANG_WARN_UNREACHABLE_CODE = YES;
				CLANG_WARN__DUPLICATE_METHOD_MATCH = YES;
				COPY_PHASE_STRIP = NO;
				DEBUG_INFORMATION_FORMAT = dwarf;
				ENABLE_STRICT_OBJC_MSGSEND = YES;
				ENABLE_TESTABILITY = YES;
				GCC_C_LANGUAGE_STANDARD = gnu11;
				GCC_DYNAMIC_NO_PIC = NO;
				GCC_NO_COMMON_BLOCKS = YES;
				GCC_OPTIMIZATION_LEVEL = 0;
				GCC_PREPROCESSOR_DEFINITIONS = (
					"DEBUG=1",
					"$(inherited)",
				);
				GCC_WARN_64_TO_32_BIT_CONVERSION = YES;
				GCC_WARN_ABOUT_RETURN_TYPE = YES_ERROR;
				GCC_WARN_UNDECLARED_SELECTOR = YES;
				GCC_WARN_UNINITIALIZED_AUTOS = YES_AGGRESSIVE;
				GCC_WARN_UNUSED_FUNCTION = YES;
				GCC_WARN_UNUSED_VARIABLE = YES;
				IPHONEOS_DEPLOYMENT_TARGET = 13.1;
				MTL_ENABLE_DEBUG_INFO = INCLUDE_SOURCE;
				MTL_FAST_MATH = YES;
				ONLY_ACTIVE_ARCH = YES;
				SDKROOT = iphoneos;
				SWIFT_ACTIVE_COMPILATION_CONDITIONS = DEBUG;
				SWIFT_OPTIMIZATION_LEVEL = "-Onone";
			};
			name = Debug;
		};
		145B38CA23784F1400876CD6 /* Release */ = {
			isa = XCBuildConfiguration;
			buildSettings = {
				ALWAYS_SEARCH_USER_PATHS = NO;
				CLANG_ANALYZER_NONNULL = YES;
				CLANG_ANALYZER_NUMBER_OBJECT_CONVERSION = YES_AGGRESSIVE;
				CLANG_CXX_LANGUAGE_STANDARD = "gnu++14";
				CLANG_CXX_LIBRARY = "libc++";
				CLANG_ENABLE_MODULES = YES;
				CLANG_ENABLE_OBJC_ARC = YES;
				CLANG_ENABLE_OBJC_WEAK = YES;
				CLANG_WARN_BLOCK_CAPTURE_AUTORELEASING = YES;
				CLANG_WARN_BOOL_CONVERSION = YES;
				CLANG_WARN_COMMA = YES;
				CLANG_WARN_CONSTANT_CONVERSION = YES;
				CLANG_WARN_DEPRECATED_OBJC_IMPLEMENTATIONS = YES;
				CLANG_WARN_DIRECT_OBJC_ISA_USAGE = YES_ERROR;
				CLANG_WARN_DOCUMENTATION_COMMENTS = YES;
				CLANG_WARN_EMPTY_BODY = YES;
				CLANG_WARN_ENUM_CONVERSION = YES;
				CLANG_WARN_INFINITE_RECURSION = YES;
				CLANG_WARN_INT_CONVERSION = YES;
				CLANG_WARN_NON_LITERAL_NULL_CONVERSION = YES;
				CLANG_WARN_OBJC_IMPLICIT_RETAIN_SELF = YES;
				CLANG_WARN_OBJC_LITERAL_CONVERSION = YES;
				CLANG_WARN_OBJC_ROOT_CLASS = YES_ERROR;
				CLANG_WARN_RANGE_LOOP_ANALYSIS = YES;
				CLANG_WARN_STRICT_PROTOTYPES = YES;
				CLANG_WARN_SUSPICIOUS_MOVE = YES;
				CLANG_WARN_UNGUARDED_AVAILABILITY = YES_AGGRESSIVE;
				CLANG_WARN_UNREACHABLE_CODE = YES;
				CLANG_WARN__DUPLICATE_METHOD_MATCH = YES;
				COPY_PHASE_STRIP = NO;
				DEBUG_INFORMATION_FORMAT = "dwarf-with-dsym";
				ENABLE_NS_ASSERTIONS = NO;
				ENABLE_STRICT_OBJC_MSGSEND = YES;
				GCC_C_LANGUAGE_STANDARD = gnu11;
				GCC_NO_COMMON_BLOCKS = YES;
				GCC_WARN_64_TO_32_BIT_CONVERSION = YES;
				GCC_WARN_ABOUT_RETURN_TYPE = YES_ERROR;
				GCC_WARN_UNDECLARED_SELECTOR = YES;
				GCC_WARN_UNINITIALIZED_AUTOS = YES_AGGRESSIVE;
				GCC_WARN_UNUSED_FUNCTION = YES;
				GCC_WARN_UNUSED_VARIABLE = YES;
				IPHONEOS_DEPLOYMENT_TARGET = 13.1;
				MTL_ENABLE_DEBUG_INFO = NO;
				MTL_FAST_MATH = YES;
				SDKROOT = iphoneos;
				SWIFT_COMPILATION_MODE = wholemodule;
				SWIFT_OPTIMIZATION_LEVEL = "-O";
				VALIDATE_PRODUCT = YES;
			};
			name = Release;
		};
		145B38CC23784F1400876CD6 /* Debug */ = {
			isa = XCBuildConfiguration;
			buildSettings = {
				ASSETCATALOG_COMPILER_APPICON_NAME = AppIcon;
				CODE_SIGN_STYLE = Automatic;
				DEVELOPMENT_TEAM = 5C8KY9UV4V;
				INFOPLIST_FILE = MVPDesignPattern/Info.plist;
				LD_RUNPATH_SEARCH_PATHS = (
					"$(inherited)",
					"@executable_path/Frameworks",
				);
				PRODUCT_BUNDLE_IDENTIFIER = com.sarwesh.MVPDesignPattern;
				PRODUCT_NAME = "$(TARGET_NAME)";
				SWIFT_VERSION = 5.0;
				TARGETED_DEVICE_FAMILY = "1,2";
			};
			name = Debug;
		};
		145B38CD23784F1400876CD6 /* Release */ = {
			isa = XCBuildConfiguration;
			buildSettings = {
				ASSETCATALOG_COMPILER_APPICON_NAME = AppIcon;
				CODE_SIGN_STYLE = Automatic;
				DEVELOPMENT_TEAM = 5C8KY9UV4V;
				INFOPLIST_FILE = MVPDesignPattern/Info.plist;
				LD_RUNPATH_SEARCH_PATHS = (
					"$(inherited)",
					"@executable_path/Frameworks",
				);
				PRODUCT_BUNDLE_IDENTIFIER = com.sarwesh.MVPDesignPattern;
				PRODUCT_NAME = "$(TARGET_NAME)";
				SWIFT_VERSION = 5.0;
				TARGETED_DEVICE_FAMILY = "1,2";
			};
			name = Release;
		};
/* End XCBuildConfiguration section */

/* Begin XCConfigurationList section */
		145B38AF23784F1200876CD6 /* Build configuration list for PBXProject "MVPDesignPattern" */ = {
			isa = XCConfigurationList;
			buildConfigurations = (
				145B38C923784F1400876CD6 /* Debug */,
				145B38CA23784F1400876CD6 /* Release */,
			);
			defaultConfigurationIsVisible = 0;
			defaultConfigurationName = Release;
		};
		145B38CB23784F1400876CD6 /* Build configuration list for PBXNativeTarget "MVPDesignPattern" */ = {
			isa = XCConfigurationList;
			buildConfigurations = (
				145B38CC23784F1400876CD6 /* Debug */,
				145B38CD23784F1400876CD6 /* Release */,
			);
			defaultConfigurationIsVisible = 0;
			defaultConfigurationName = Release;
		};
/* End XCConfigurationList section */

/* Begin XCVersionGroup section */
		145B38C023784F1200876CD6 /* MVPDesignPattern.xcdatamodeld */ = {
			isa = XCVersionGroup;
			children = (
				145B38C123784F1200876CD6 /* MVPDesignPattern.xcdatamodel */,
			);
			currentVersion = 145B38C123784F1200876CD6 /* MVPDesignPattern.xcdatamodel */;
			path = MVPDesignPattern.xcdatamodeld;
			sourceTree = "<group>";
			versionGroupType = wrapper.xcdatamodel;
		};
/* End XCVersionGroup section */
	};
	rootObject = 145B38AC23784F1200876CD6 /* Project object */;
}
